// !$*UTF8*$!
{
	archiveVersion = 1;
	classes = {
	};
	objectVersion = 56;
	objects = {

/* Begin PBXBuildFile section */
		061B8B9A2C81573600CEEE62 /* HotelesHabitacionesApp.swift in Sources */ = {isa = PBXBuildFile; fileRef = 061B8B992C81573600CEEE62 /* HotelesHabitacionesApp.swift */; };
		061B8B9C2C81573600CEEE62 /* ContentView.swift in Sources */ = {isa = PBXBuildFile; fileRef = 061B8B9B2C81573600CEEE62 /* ContentView.swift */; };
		061B8B9E2C81573800CEEE62 /* Assets.xcassets in Resources */ = {isa = PBXBuildFile; fileRef = 061B8B9D2C81573800CEEE62 /* Assets.xcassets */; };
		061B8BA12C81573800CEEE62 /* Preview Assets.xcassets in Resources */ = {isa = PBXBuildFile; fileRef = 061B8BA02C81573800CEEE62 /* Preview Assets.xcassets */; };
		061B8BA92C81623000CEEE62 /* Habitacion.swift in Sources */ = {isa = PBXBuildFile; fileRef = 061B8BA82C81623000CEEE62 /* Habitacion.swift */; };
		0648D07A2C829AE3009CF230 /* HomeView.swift in Sources */ = {isa = PBXBuildFile; fileRef = 0648D0792C829AE3009CF230 /* HomeView.swift */; };
		0648D07C2C82A48D009CF230 /* HabitacionView.swift in Sources */ = {isa = PBXBuildFile; fileRef = 0648D07B2C82A48D009CF230 /* HabitacionView.swift */; };
		0648D07E2C82A7EC009CF230 /* ListaHabitaciones.swift in Sources */ = {isa = PBXBuildFile; fileRef = 0648D07D2C82A7EC009CF230 /* ListaHabitaciones.swift */; };
		0648D0802C82B4F8009CF230 /* ServiciosView.swift in Sources */ = {isa = PBXBuildFile; fileRef = 0648D07F2C82B4F8009CF230 /* ServiciosView.swift */; };
/* End PBXBuildFile section */

/* Begin PBXFileReference section */
		061B8B962C81573600CEEE62 /* HotelesHabitaciones.app */ = {isa = PBXFileReference; explicitFileType = wrapper.application; includeInIndex = 0; path = HotelesHabitaciones.app; sourceTree = BUILT_PRODUCTS_DIR; };
		061B8B992C81573600CEEE62 /* HotelesHabitacionesApp.swift */ = {isa = PBXFileReference; lastKnownFileType = sourcecode.swift; path = HotelesHabitacionesApp.swift; sourceTree = "<group>"; };
		061B8B9B2C81573600CEEE62 /* ContentView.swift */ = {isa = PBXFileReference; lastKnownFileType = sourcecode.swift; path = ContentView.swift; sourceTree = "<group>"; };
		061B8B9D2C81573800CEEE62 /* Assets.xcassets */ = {isa = PBXFileReference; lastKnownFileType = folder.assetcatalog; path = Assets.xcassets; sourceTree = "<group>"; };
		061B8BA02C81573800CEEE62 /* Preview Assets.xcassets */ = {isa = PBXFileReference; lastKnownFileType = folder.assetcatalog; path = "Preview Assets.xcassets"; sourceTree = "<group>"; };
		061B8BA82C81623000CEEE62 /* Habitacion.swift */ = {isa = PBXFileReference; lastKnownFileType = sourcecode.swift; path = Habitacion.swift; sourceTree = "<group>"; };
		0648D0792C829AE3009CF230 /* HomeView.swift */ = {isa = PBXFileReference; lastKnownFileType = sourcecode.swift; path = HomeView.swift; sourceTree = "<group>"; };
		0648D07B2C82A48D009CF230 /* HabitacionView.swift */ = {isa = PBXFileReference; lastKnownFileType = sourcecode.swift; path = HabitacionView.swift; sourceTree = "<group>"; };
		0648D07D2C82A7EC009CF230 /* ListaHabitaciones.swift */ = {isa = PBXFileReference; lastKnownFileType = sourcecode.swift; path = ListaHabitaciones.swift; sourceTree = "<group>"; };
		0648D07F2C82B4F8009CF230 /* ServiciosView.swift */ = {isa = PBXFileReference; lastKnownFileType = sourcecode.swift; path = ServiciosView.swift; sourceTree = "<group>"; };
/* End PBXFileReference section */

/* Begin PBXFrameworksBuildPhase section */
		061B8B932C81573600CEEE62 /* Frameworks */ = {
			isa = PBXFrameworksBuildPhase;
			buildActionMask = 2147483647;
			files = (
			);
			runOnlyForDeploymentPostprocessing = 0;
		};
/* End PBXFrameworksBuildPhase section */

/* Begin PBXGroup section */
		061B8B8D2C81573600CEEE62 = {
			isa = PBXGroup;
			children = (
				061B8B982C81573600CEEE62 /* HotelesHabitaciones */,
				061B8B972C81573600CEEE62 /* Products */,
			);
			sourceTree = "<group>";
		};
		061B8B972C81573600CEEE62 /* Products */ = {
			isa = PBXGroup;
			children = (
				061B8B962C81573600CEEE62 /* HotelesHabitaciones.app */,
			);
			name = Products;
			sourceTree = "<group>";
		};
		061B8B982C81573600CEEE62 /* HotelesHabitaciones */ = {
			isa = PBXGroup;
			children = (
				061B8BA72C81621200CEEE62 /* Model */,
				061B8B992C81573600CEEE62 /* HotelesHabitacionesApp.swift */,
				061B8B9B2C81573600CEEE62 /* ContentView.swift */,
				0648D07F2C82B4F8009CF230 /* ServiciosView.swift */,
				0648D07D2C82A7EC009CF230 /* ListaHabitaciones.swift */,
				0648D07B2C82A48D009CF230 /* HabitacionView.swift */,
				0648D0792C829AE3009CF230 /* HomeView.swift */,
				061B8B9D2C81573800CEEE62 /* Assets.xcassets */,
				061B8B9F2C81573800CEEE62 /* Preview Content */,
			);
			path = HotelesHabitaciones;
			sourceTree = "<group>";
		};
		061B8B9F2C81573800CEEE62 /* Preview Content */ = {
			isa = PBXGroup;
			children = (
				061B8BA02C81573800CEEE62 /* Preview Assets.xcassets */,
			);
			path = "Preview Content";
			sourceTree = "<group>";
		};
		061B8BA72C81621200CEEE62 /* Model */ = {
			isa = PBXGroup;
			children = (
				061B8BA82C81623000CEEE62 /* Habitacion.swift */,
			);
			path = Model;
			sourceTree = "<group>";
		};
/* End PBXGroup section */

/* Begin PBXNativeTarget section */
		061B8B952C81573600CEEE62 /* HotelesHabitaciones */ = {
			isa = PBXNativeTarget;
			buildConfigurationList = 061B8BA42C81573800CEEE62 /* Build configuration list for PBXNativeTarget "HotelesHabitaciones" */;
			buildPhases = (
				061B8B922C81573600CEEE62 /* Sources */,
				061B8B932C81573600CEEE62 /* Frameworks */,
				061B8B942C81573600CEEE62 /* Resources */,
			);
			buildRules = (
			);
			dependencies = (
			);
			name = HotelesHabitaciones;
			productName = HotelesHabitaciones;
			productReference = 061B8B962C81573600CEEE62 /* HotelesHabitaciones.app */;
			productType = "com.apple.product-type.application";
		};
/* End PBXNativeTarget section */

/* Begin PBXProject section */
		061B8B8E2C81573600CEEE62 /* Project object */ = {
			isa = PBXProject;
			attributes = {
				BuildIndependentTargetsInParallel = 1;
				LastSwiftUpdateCheck = 1540;
				LastUpgradeCheck = 1540;
				TargetAttributes = {
					061B8B952C81573600CEEE62 = {
						CreatedOnToolsVersion = 15.4;
					};
				};
			};
			buildConfigurationList = 061B8B912C81573600CEEE62 /* Build configuration list for PBXProject "HotelesHabitaciones" */;
			compatibilityVersion = "Xcode 14.0";
			developmentRegion = en;
			hasScannedForEncodings = 0;
			knownRegions = (
				en,
				Base,
			);
			mainGroup = 061B8B8D2C81573600CEEE62;
			productRefGroup = 061B8B972C81573600CEEE62 /* Products */;
			projectDirPath = "";
			projectRoot = "";
			targets = (
				061B8B952C81573600CEEE62 /* HotelesHabitaciones */,
			);
		};
/* End PBXProject section */

/* Begin PBXResourcesBuildPhase section */
		061B8B942C81573600CEEE62 /* Resources */ = {
			isa = PBXResourcesBuildPhase;
			buildActionMask = 2147483647;
			files = (
				061B8BA12C81573800CEEE62 /* Preview Assets.xcassets in Resources */,
				061B8B9E2C81573800CEEE62 /* Assets.xcassets in Resources */,
			);
			runOnlyForDeploymentPostprocessing = 0;
		};
/* End PBXResourcesBuildPhase section */

/* Begin PBXSourcesBuildPhase section */
		061B8B922C81573600CEEE62 /* Sources */ = {
			isa = PBXSourcesBuildPhase;
			buildActionMask = 2147483647;
			files = (
				0648D07C2C82A48D009CF230 /* HabitacionView.swift in Sources */,
				0648D0802C82B4F8009CF230 /* ServiciosView.swift in Sources */,
				0648D07E2C82A7EC009CF230 /* ListaHabitaciones.swift in Sources */,
				061B8B9C2C81573600CEEE62 /* ContentView.swift in Sources */,
				0648D07A2C829AE3009CF230 /* HomeView.swift in Sources */,
				061B8BA92C81623000CEEE62 /* Habitacion.swift in Sources */,
				061B8B9A2C81573600CEEE62 /* HotelesHabitacionesApp.swift in Sources */,
			);
			runOnlyForDeploymentPostprocessing = 0;
		};
/* End PBXSourcesBuildPhase section */

/* Begin XCBuildConfiguration section */
		061B8BA22C81573800CEEE62 /* Debug */ = {
			isa = XCBuildConfiguration;
			buildSettings = {
				ALWAYS_SEARCH_USER_PATHS = NO;
				ASSETCATALOG_COMPILER_GENERATE_SWIFT_ASSET_SYMBOL_EXTENSIONS = YES;
				CLANG_ANALYZER_NONNULL = YES;
				CLANG_ANALYZER_NUMBER_OBJECT_CONVERSION = YES_AGGRESSIVE;
				CLANG_CXX_LANGUAGE_STANDARD = "gnu++20";
				CLANG_ENABLE_MODULES = YES;
				CLANG_ENABLE_OBJC_ARC = YES;
				CLANG_ENABLE_OBJC_WEAK = YES;
				CLANG_WARN_BLOCK_CAPTURE_AUTORELEASING = YES;
				CLANG_WARN_BOOL_CONVERSION = YES;
				CLANG_WARN_COMMA = YES;
				CLANG_WARN_CONSTANT_CONVERSION = YES;
				CLANG_WARN_DEPRECATED_OBJC_IMPLEMENTATIONS = YES;
				CLANG_WARN_DIRECT_OBJC_ISA_USAGE = YES_ERROR;
				CLANG_WARN_DOCUMENTATION_COMMENTS = YES;
				CLANG_WARN_EMPTY_BODY = YES;
				CLANG_WARN_ENUM_CONVERSION = YES;
				CLANG_WARN_INFINITE_RECURSION = YES;
				CLANG_WARN_INT_CONVERSION = YES;
				CLANG_WARN_NON_LITERAL_NULL_CONVERSION = YES;
				CLANG_WARN_OBJC_IMPLICIT_RETAIN_SELF = YES;
				CLANG_WARN_OBJC_LITERAL_CONVERSION = YES;
				CLANG_WARN_OBJC_ROOT_CLASS = YES_ERROR;
				CLANG_WARN_QUOTED_INCLUDE_IN_FRAMEWORK_HEADER = YES;
				CLANG_WARN_RANGE_LOOP_ANALYSIS = YES;
				CLANG_WARN_STRICT_PROTOTYPES = YES;
				CLANG_WARN_SUSPICIOUS_MOVE = YES;
				CLANG_WARN_UNGUARDED_AVAILABILITY = YES_AGGRESSIVE;
				CLANG_WARN_UNREACHABLE_CODE = YES;
				CLANG_WARN__DUPLICATE_METHOD_MATCH = YES;
				COPY_PHASE_STRIP = NO;
				DEBUG_INFORMATION_FORMAT = dwarf;
				ENABLE_STRICT_OBJC_MSGSEND = YES;
				ENABLE_TESTABILITY = YES;
				ENABLE_USER_SCRIPT_SANDBOXING = YES;
				GCC_C_LANGUAGE_STANDARD = gnu17;
				GCC_DYNAMIC_NO_PIC = NO;
				GCC_NO_COMMON_BLOCKS = YES;
				GCC_OPTIMIZATION_LEVEL = 0;
				GCC_PREPROCESSOR_DEFINITIONS = (
					"DEBUG=1",
					"$(inherited)",
				);
				GCC_WARN_64_TO_32_BIT_CONVERSION = YES;
				GCC_WARN_ABOUT_RETURN_TYPE = YES_ERROR;
				GCC_WARN_UNDECLARED_SELECTOR = YES;
				GCC_WARN_UNINITIALIZED_AUTOS = YES_AGGRESSIVE;
				GCC_WARN_UNUSED_FUNCTION = YES;
				GCC_WARN_UNUSED_VARIABLE = YES;
				IPHONEOS_DEPLOYMENT_TARGET = 17.5;
				LOCALIZATION_PREFERS_STRING_CATALOGS = YES;
				MTL_ENABLE_DEBUG_INFO = INCLUDE_SOURCE;
				MTL_FAST_MATH = YES;
				ONLY_ACTIVE_ARCH = YES;
				SDKROOT = iphoneos;
				SWIFT_ACTIVE_COMPILATION_CONDITIONS = "DEBUG $(inherited)";
				SWIFT_OPTIMIZATION_LEVEL = "-Onone";
			};
			name = Debug;
		};
		061B8BA32C81573800CEEE62 /* Release */ = {
			isa = XCBuildConfiguration;
			buildSettings = {
				ALWAYS_SEARCH_USER_PATHS = NO;
				ASSETCATALOG_COMPILER_GENERATE_SWIFT_ASSET_SYMBOL_EXTENSIONS = YES;
				CLANG_ANALYZER_NONNULL = YES;
				CLANG_ANALYZER_NUMBER_OBJECT_CONVERSION = YES_AGGRESSIVE;
				CLANG_CXX_LANGUAGE_STANDARD = "gnu++20";
				CLANG_ENABLE_MODULES = YES;
				CLANG_ENABLE_OBJC_ARC = YES;
				CLANG_ENABLE_OBJC_WEAK = YES;
				CLANG_WARN_BLOCK_CAPTURE_AUTORELEASING = YES;
				CLANG_WARN_BOOL_CONVERSION = YES;
				CLANG_WARN_COMMA = YES;
				CLANG_WARN_CONSTANT_CONVERSION = YES;
				CLANG_WARN_DEPRECATED_OBJC_IMPLEMENTATIONS = YES;
				CLANG_WARN_DIRECT_OBJC_ISA_USAGE = YES_ERROR;
				CLANG_WARN_DOCUMENTATION_COMMENTS = YES;
				CLANG_WARN_EMPTY_BODY = YES;
				CLANG_WARN_ENUM_CONVERSION = YES;
				CLANG_WARN_INFINITE_RECURSION = YES;
				CLANG_WARN_INT_CONVERSION = YES;
				CLANG_WARN_NON_LITERAL_NULL_CONVERSION = YES;
				CLANG_WARN_OBJC_IMPLICIT_RETAIN_SELF = YES;
				CLANG_WARN_OBJC_LITERAL_CONVERSION = YES;
				CLANG_WARN_OBJC_ROOT_CLASS = YES_ERROR;
				CLANG_WARN_QUOTED_INCLUDE_IN_FRAMEWORK_HEADER = YES;
				CLANG_WARN_RANGE_LOOP_ANALYSIS = YES;
				CLANG_WARN_STRICT_PROTOTYPES = YES;
				CLANG_WARN_SUSPICIOUS_MOVE = YES;
				CLANG_WARN_UNGUARDED_AVAILABILITY = YES_AGGRESSIVE;
				CLANG_WARN_UNREACHABLE_CODE = YES;
				CLANG_WARN__DUPLICATE_METHOD_MATCH = YES;
				COPY_PHASE_STRIP = NO;
				DEBUG_INFORMATION_FORMAT = "dwarf-with-dsym";
				ENABLE_NS_ASSERTIONS = NO;
				ENABLE_STRICT_OBJC_MSGSEND = YES;
				ENABLE_USER_SCRIPT_SANDBOXING = YES;
				GCC_C_LANGUAGE_STANDARD = gnu17;
				GCC_NO_COMMON_BLOCKS = YES;
				GCC_WARN_64_TO_32_BIT_CONVERSION = YES;
				GCC_WARN_ABOUT_RETURN_TYPE = YES_ERROR;
				GCC_WARN_UNDECLARED_SELECTOR = YES;
				GCC_WARN_UNINITIALIZED_AUTOS = YES_AGGRESSIVE;
				GCC_WARN_UNUSED_FUNCTION = YES;
				GCC_WARN_UNUSED_VARIABLE = YES;
				IPHONEOS_DEPLOYMENT_TARGET = 17.5;
				LOCALIZATION_PREFERS_STRING_CATALOGS = YES;
				MTL_ENABLE_DEBUG_INFO = NO;
				MTL_FAST_MATH = YES;
				SDKROOT = iphoneos;
				SWIFT_COMPILATION_MODE = wholemodule;
				VALIDATE_PRODUCT = YES;
			};
			name = Release;
		};
		061B8BA52C81573800CEEE62 /* Debug */ = {
			isa = XCBuildConfiguration;
			buildSettings = {
				ASSETCATALOG_COMPILER_APPICON_NAME = AppIcon;
				ASSETCATALOG_COMPILER_GLOBAL_ACCENT_COLOR_NAME = AccentColor;
				CODE_SIGN_STYLE = Automatic;
				CURRENT_PROJECT_VERSION = 1;
				DEVELOPMENT_ASSET_PATHS = "\"HotelesHabitaciones/Preview Content\"";
				ENABLE_PREVIEWS = YES;
				GENERATE_INFOPLIST_FILE = YES;
				INFOPLIST_KEY_UIApplicationSceneManifest_Generation = YES;
				INFOPLIST_KEY_UIApplicationSupportsIndirectInputEvents = YES;
				INFOPLIST_KEY_UILaunchScreen_Generation = YES;
				INFOPLIST_KEY_UISupportedInterfaceOrientations_iPad = "UIInterfaceOrientationPortrait UIInterfaceOrientationPortraitUpsideDown UIInterfaceOrientationLandscapeLeft UIInterfaceOrientationLandscapeRight";
				INFOPLIST_KEY_UISupportedInterfaceOrientations_iPhone = "UIInterfaceOrientationPortrait UIInterfaceOrientationLandscapeLeft UIInterfaceOrientationLandscapeRight";
				LD_RUNPATH_SEARCH_PATHS = (
					"$(inherited)",
					"@executable_path/Frameworks",
				);
				MARKETING_VERSION = 1.0;
				PRODUCT_BUNDLE_IDENTIFIER = com.xinu.HotelesHabitaciones;
				PRODUCT_NAME = "$(TARGET_NAME)";
				SWIFT_EMIT_LOC_STRINGS = YES;
				SWIFT_VERSION = 5.0;
				TARGETED_DEVICE_FAMILY = "1,2";
			};
			name = Debug;
		};
		061B8BA62C81573800CEEE62 /* Release */ = {
			isa = XCBuildConfiguration;
			buildSettings = {
				ASSETCATALOG_COMPILER_APPICON_NAME = AppIcon;
				ASSETCATALOG_COMPILER_GLOBAL_ACCENT_COLOR_NAME = AccentColor;
				CODE_SIGN_STYLE = Automatic;
				CURRENT_PROJECT_VERSION = 1;
				DEVELOPMENT_ASSET_PATHS = "\"HotelesHabitaciones/Preview Content\"";
				ENABLE_PREVIEWS = YES;
				GENERATE_INFOPLIST_FILE = YES;
				INFOPLIST_KEY_UIApplicationSceneManifest_Generation = YES;
				INFOPLIST_KEY_UIApplicationSupportsIndirectInputEvents = YES;
				INFOPLIST_KEY_UILaunchScreen_Generation = YES;
				INFOPLIST_KEY_UISupportedInterfaceOrientations_iPad = "UIInterfaceOrientationPortrait UIInterfaceOrientationPortraitUpsideDown UIInterfaceOrientationLandscapeLeft UIInterfaceOrientationLandscapeRight";
				INFOPLIST_KEY_UISupportedInterfaceOrientations_iPhone = "UIInterfaceOrientationPortrait UIInterfaceOrientationLandscapeLeft UIInterfaceOrientationLandscapeRight";
				LD_RUNPATH_SEARCH_PATHS = (
					"$(inherited)",
					"@executable_path/Frameworks",
				);
				MARKETING_VERSION = 1.0;
				PRODUCT_BUNDLE_IDENTIFIER = com.xinu.HotelesHabitaciones;
				PRODUCT_NAME = "$(TARGET_NAME)";
				SWIFT_EMIT_LOC_STRINGS = YES;
				SWIFT_VERSION = 5.0;
				TARGETED_DEVICE_FAMILY = "1,2";
			};
			name = Release;
		};
/* End XCBuildConfiguration section */

/* Begin XCConfigurationList section */
		061B8B912C81573600CEEE62 /* Build configuration list for PBXProject "HotelesHabitaciones" */ = {
			isa = XCConfigurationList;
			buildConfigurations = (
				061B8BA22C81573800CEEE62 /* Debug */,
				061B8BA32C81573800CEEE62 /* Release */,
			);
			defaultConfigurationIsVisible = 0;
			defaultConfigurationName = Release;
		};
		061B8BA42C81573800CEEE62 /* Build configuration list for PBXNativeTarget "HotelesHabitaciones" */ = {
			isa = XCConfigurationList;
			buildConfigurations = (
				061B8BA52C81573800CEEE62 /* Debug */,
				061B8BA62C81573800CEEE62 /* Release */,
			);
			defaultConfigurationIsVisible = 0;
			defaultConfigurationName = Release;
		};
/* End XCConfigurationList section */
	};
	rootObject = 061B8B8E2C81573600CEEE62 /* Project object */;
}
